// !$*UTF8*$!
{
	archiveVersion = 1;
	classes = {
	};
	objectVersion = 56;
	objects = {

/* Begin PBXBuildFile section */
		081A1B392A9885090029B280 /* NewsModels.swift in Sources */ = {isa = PBXBuildFile; fileRef = 081A1B382A9885090029B280 /* NewsModels.swift */; };
		081A1B3B2A9885BD0029B280 /* NewsApiDataManager.swift in Sources */ = {isa = PBXBuildFile; fileRef = 081A1B3A2A9885BD0029B280 /* NewsApiDataManager.swift */; };
		08DAB09C2A9CA8FB00DB5ADA /* DetailView.swift in Sources */ = {isa = PBXBuildFile; fileRef = 08DAB09B2A9CA8FB00DB5ADA /* DetailView.swift */; };
		08DAB09E2A9CA90C00DB5ADA /* DetailViewModel.swift in Sources */ = {isa = PBXBuildFile; fileRef = 08DAB09D2A9CA90C00DB5ADA /* DetailViewModel.swift */; };
		336C51952A9B85DC007EEB3C /* CategoryView.swift in Sources */ = {isa = PBXBuildFile; fileRef = 336C51942A9B85DC007EEB3C /* CategoryView.swift */; };
		336C51972A9B8795007EEB3C /* CategoryCell.swift in Sources */ = {isa = PBXBuildFile; fileRef = 336C51962A9B8795007EEB3C /* CategoryCell.swift */; };
		338836E02A9DA96F00255A6E /* Constants.swift in Sources */ = {isa = PBXBuildFile; fileRef = 338836DF2A9DA96F00255A6E /* Constants.swift */; };
		339096BB2A9CABE5009625B0 /* NewsHomeViewModel.swift in Sources */ = {isa = PBXBuildFile; fileRef = 339096BA2A9CABE5009625B0 /* NewsHomeViewModel.swift */; };
		3392EEE42A983EEB00C099E0 /* AppDelegate.swift in Sources */ = {isa = PBXBuildFile; fileRef = 3392EEE32A983EEB00C099E0 /* AppDelegate.swift */; };
		3392EEE62A983EEB00C099E0 /* SceneDelegate.swift in Sources */ = {isa = PBXBuildFile; fileRef = 3392EEE52A983EEB00C099E0 /* SceneDelegate.swift */; };
		3392EEED2A983EEC00C099E0 /* Assets.xcassets in Resources */ = {isa = PBXBuildFile; fileRef = 3392EEEC2A983EEC00C099E0 /* Assets.xcassets */; };
		3392EEF02A983EEC00C099E0 /* LaunchScreen.storyboard in Resources */ = {isa = PBXBuildFile; fileRef = 3392EEEE2A983EEC00C099E0 /* LaunchScreen.storyboard */; };
		3392EEFA2A98744800C099E0 /* Alamofire in Frameworks */ = {isa = PBXBuildFile; productRef = 3392EEF92A98744800C099E0 /* Alamofire */; };
		3392EEFD2A98745E00C099E0 /* SnapKit in Frameworks */ = {isa = PBXBuildFile; productRef = 3392EEFC2A98745E00C099E0 /* SnapKit */; };
		3392EF002A98747200C099E0 /* RxCocoa in Frameworks */ = {isa = PBXBuildFile; productRef = 3392EEFF2A98747200C099E0 /* RxCocoa */; };
		3392EF022A98747200C099E0 /* RxSwift in Frameworks */ = {isa = PBXBuildFile; productRef = 3392EF012A98747200C099E0 /* RxSwift */; };
		3392EF042A9874A300C099E0 /* TabBarController.swift in Sources */ = {isa = PBXBuildFile; fileRef = 3392EF032A9874A300C099E0 /* TabBarController.swift */; };
		3392EF072A9874FD00C099E0 /* NewsHomePage.swift in Sources */ = {isa = PBXBuildFile; fileRef = 3392EF062A9874FD00C099E0 /* NewsHomePage.swift */; };
		3392EF092A98752500C099E0 /* NewsSearchPage.swift in Sources */ = {isa = PBXBuildFile; fileRef = 3392EF082A98752500C099E0 /* NewsSearchPage.swift */; };
		3392EF0B2A98752F00C099E0 /* NewsDetailPage.swift in Sources */ = {isa = PBXBuildFile; fileRef = 3392EF0A2A98752F00C099E0 /* NewsDetailPage.swift */; };
		3392EF102A9879F700C099E0 /* CGFloat+.swift in Sources */ = {isa = PBXBuildFile; fileRef = 3392EF0F2A9879F700C099E0 /* CGFloat+.swift */; };
		3392EF132A988CC200C099E0 /* Secret.swift in Sources */ = {isa = PBXBuildFile; fileRef = 3392EF122A988CC200C099E0 /* Secret.swift */; };
		3392EF172A98AA4100C099E0 /* Category.swift in Sources */ = {isa = PBXBuildFile; fileRef = 3392EF162A98AA4100C099E0 /* Category.swift */; };
		FB2D4CF62A9DB327007BA3EA /* NewsSearchViewModel.swift in Sources */ = {isa = PBXBuildFile; fileRef = FB2D4CF52A9DB327007BA3EA /* NewsSearchViewModel.swift */; };
		FB3456282A9A51E5008BE088 /* TableViewCell.swift in Sources */ = {isa = PBXBuildFile; fileRef = FB3456272A9A51E5008BE088 /* TableViewCell.swift */; };
/* End PBXBuildFile section */

/* Begin PBXFileReference section */
		081A1B382A9885090029B280 /* NewsModels.swift */ = {isa = PBXFileReference; lastKnownFileType = sourcecode.swift; path = NewsModels.swift; sourceTree = "<group>"; };
		081A1B3A2A9885BD0029B280 /* NewsApiDataManager.swift */ = {isa = PBXFileReference; lastKnownFileType = sourcecode.swift; path = NewsApiDataManager.swift; sourceTree = "<group>"; };
		08DAB09B2A9CA8FB00DB5ADA /* DetailView.swift */ = {isa = PBXFileReference; lastKnownFileType = sourcecode.swift; path = DetailView.swift; sourceTree = "<group>"; };
		08DAB09D2A9CA90C00DB5ADA /* DetailViewModel.swift */ = {isa = PBXFileReference; lastKnownFileType = sourcecode.swift; path = DetailViewModel.swift; sourceTree = "<group>"; };
		336C51942A9B85DC007EEB3C /* CategoryView.swift */ = {isa = PBXFileReference; lastKnownFileType = sourcecode.swift; path = CategoryView.swift; sourceTree = "<group>"; };
		336C51962A9B8795007EEB3C /* CategoryCell.swift */ = {isa = PBXFileReference; lastKnownFileType = sourcecode.swift; path = CategoryCell.swift; sourceTree = "<group>"; };
		338836DF2A9DA96F00255A6E /* Constants.swift */ = {isa = PBXFileReference; lastKnownFileType = sourcecode.swift; path = Constants.swift; sourceTree = "<group>"; };
		339096BA2A9CABE5009625B0 /* NewsHomeViewModel.swift */ = {isa = PBXFileReference; lastKnownFileType = sourcecode.swift; path = NewsHomeViewModel.swift; sourceTree = "<group>"; };
		3392EEE02A983EEB00C099E0 /* MobydickNews.app */ = {isa = PBXFileReference; explicitFileType = wrapper.application; includeInIndex = 0; path = MobydickNews.app; sourceTree = BUILT_PRODUCTS_DIR; };
		3392EEE32A983EEB00C099E0 /* AppDelegate.swift */ = {isa = PBXFileReference; lastKnownFileType = sourcecode.swift; path = AppDelegate.swift; sourceTree = "<group>"; };
		3392EEE52A983EEB00C099E0 /* SceneDelegate.swift */ = {isa = PBXFileReference; lastKnownFileType = sourcecode.swift; path = SceneDelegate.swift; sourceTree = "<group>"; };
		3392EEEC2A983EEC00C099E0 /* Assets.xcassets */ = {isa = PBXFileReference; lastKnownFileType = folder.assetcatalog; path = Assets.xcassets; sourceTree = "<group>"; };
		3392EEEF2A983EEC00C099E0 /* Base */ = {isa = PBXFileReference; lastKnownFileType = file.storyboard; name = Base; path = Base.lproj/LaunchScreen.storyboard; sourceTree = "<group>"; };
		3392EEF12A983EEC00C099E0 /* Info.plist */ = {isa = PBXFileReference; lastKnownFileType = text.plist.xml; path = Info.plist; sourceTree = "<group>"; };
		3392EF032A9874A300C099E0 /* TabBarController.swift */ = {isa = PBXFileReference; lastKnownFileType = sourcecode.swift; path = TabBarController.swift; sourceTree = "<group>"; };
		3392EF062A9874FD00C099E0 /* NewsHomePage.swift */ = {isa = PBXFileReference; lastKnownFileType = sourcecode.swift; path = NewsHomePage.swift; sourceTree = "<group>"; };
		3392EF082A98752500C099E0 /* NewsSearchPage.swift */ = {isa = PBXFileReference; lastKnownFileType = sourcecode.swift; path = NewsSearchPage.swift; sourceTree = "<group>"; };
		3392EF0A2A98752F00C099E0 /* NewsDetailPage.swift */ = {isa = PBXFileReference; lastKnownFileType = sourcecode.swift; path = NewsDetailPage.swift; sourceTree = "<group>"; };
		3392EF0F2A9879F700C099E0 /* CGFloat+.swift */ = {isa = PBXFileReference; lastKnownFileType = sourcecode.swift; path = "CGFloat+.swift"; sourceTree = "<group>"; };
		3392EF122A988CC200C099E0 /* Secret.swift */ = {isa = PBXFileReference; lastKnownFileType = sourcecode.swift; path = Secret.swift; sourceTree = "<group>"; };
		3392EF162A98AA4100C099E0 /* Category.swift */ = {isa = PBXFileReference; lastKnownFileType = sourcecode.swift; path = Category.swift; sourceTree = "<group>"; };
		FB2D4CF52A9DB327007BA3EA /* NewsSearchViewModel.swift */ = {isa = PBXFileReference; lastKnownFileType = sourcecode.swift; path = NewsSearchViewModel.swift; sourceTree = "<group>"; };
		FB3456272A9A51E5008BE088 /* TableViewCell.swift */ = {isa = PBXFileReference; lastKnownFileType = sourcecode.swift; path = TableViewCell.swift; sourceTree = "<group>"; };
/* End PBXFileReference section */

/* Begin PBXFrameworksBuildPhase section */
		3392EEDD2A983EEB00C099E0 /* Frameworks */ = {
			isa = PBXFrameworksBuildPhase;
			buildActionMask = 2147483647;
			files = (
				3392EF002A98747200C099E0 /* RxCocoa in Frameworks */,
				3392EEFA2A98744800C099E0 /* Alamofire in Frameworks */,
				3392EF022A98747200C099E0 /* RxSwift in Frameworks */,
				3392EEFD2A98745E00C099E0 /* SnapKit in Frameworks */,
			);
			runOnlyForDeploymentPostprocessing = 0;
		};
/* End PBXFrameworksBuildPhase section */

/* Begin PBXGroup section */
		339096BC2A9CC152009625B0 /* ViewModel */ = {
			isa = PBXGroup;
			children = (
				339096BA2A9CABE5009625B0 /* NewsHomeViewModel.swift */,
			);
			path = ViewModel;
			sourceTree = "<group>";
		};
		3392EED72A983EEB00C099E0 = {
			isa = PBXGroup;
			children = (
				3392EEE22A983EEB00C099E0 /* MobydickNews */,
				3392EEE12A983EEB00C099E0 /* Products */,
			);
			sourceTree = "<group>";
		};
		3392EEE12A983EEB00C099E0 /* Products */ = {
			isa = PBXGroup;
			children = (
				3392EEE02A983EEB00C099E0 /* MobydickNews.app */,
			);
			name = Products;
			sourceTree = "<group>";
		};
		3392EEE22A983EEB00C099E0 /* MobydickNews */ = {
			isa = PBXGroup;
			children = (
				3392EEE32A983EEB00C099E0 /* AppDelegate.swift */,
				3392EEE52A983EEB00C099E0 /* SceneDelegate.swift */,
				338836DF2A9DA96F00255A6E /* Constants.swift */,
				3392EF112A9879FB00C099E0 /* Extensions */,
				3392EF152A989ED900C099E0 /* Managers */,
				3392EF142A989E4D00C099E0 /* Models */,
				3392EF052A9874AA00C099E0 /* Scenes */,
				3392EEEC2A983EEC00C099E0 /* Assets.xcassets */,
				3392EEEE2A983EEC00C099E0 /* LaunchScreen.storyboard */,
				3392EEF12A983EEC00C099E0 /* Info.plist */,
				3392EF122A988CC200C099E0 /* Secret.swift */,
			);
			path = MobydickNews;
			sourceTree = "<group>";
		};
		3392EF052A9874AA00C099E0 /* Scenes */ = {
			isa = PBXGroup;
			children = (
				FB3456272A9A51E5008BE088 /* TableViewCell.swift */,
				3392EF032A9874A300C099E0 /* TabBarController.swift */,
				3392EF0C2A98756600C099E0 /* NewsHome */,
				3392EF0D2A98756F00C099E0 /* NewsSearch */,
				3392EF0E2A98757900C099E0 /* NewsDetail */,
			);
			path = Scenes;
			sourceTree = "<group>";
		};
		3392EF0C2A98756600C099E0 /* NewsHome */ = {
			isa = PBXGroup;
			children = (
				339096BC2A9CC152009625B0 /* ViewModel */,
				336C51942A9B85DC007EEB3C /* CategoryView.swift */,
				336C51962A9B8795007EEB3C /* CategoryCell.swift */,
				3392EF062A9874FD00C099E0 /* NewsHomePage.swift */,
			);
			path = NewsHome;
			sourceTree = "<group>";
		};
		3392EF0D2A98756F00C099E0 /* NewsSearch */ = {
			isa = PBXGroup;
			children = (
				FB2D4CF42A9DB315007BA3EA /* ViewModel */,
				3392EF082A98752500C099E0 /* NewsSearchPage.swift */,
			);
			path = NewsSearch;
			sourceTree = "<group>";
		};
		3392EF0E2A98757900C099E0 /* NewsDetail */ = {
			isa = PBXGroup;
			children = (
				3392EF0A2A98752F00C099E0 /* NewsDetailPage.swift */,
				08DAB09B2A9CA8FB00DB5ADA /* DetailView.swift */,
				08DAB09D2A9CA90C00DB5ADA /* DetailViewModel.swift */,
			);
			path = NewsDetail;
			sourceTree = "<group>";
		};
		3392EF112A9879FB00C099E0 /* Extensions */ = {
			isa = PBXGroup;
			children = (
				3392EF0F2A9879F700C099E0 /* CGFloat+.swift */,
			);
			path = Extensions;
			sourceTree = "<group>";
		};
		3392EF142A989E4D00C099E0 /* Models */ = {
			isa = PBXGroup;
			children = (
				3392EF162A98AA4100C099E0 /* Category.swift */,
				081A1B382A9885090029B280 /* NewsModels.swift */,
			);
			path = Models;
			sourceTree = "<group>";
		};
		3392EF152A989ED900C099E0 /* Managers */ = {
			isa = PBXGroup;
			children = (
				081A1B3A2A9885BD0029B280 /* NewsApiDataManager.swift */,
			);
			path = Managers;
			sourceTree = "<group>";
		};
		FB2D4CF42A9DB315007BA3EA /* ViewModel */ = {
			isa = PBXGroup;
			children = (
				FB2D4CF52A9DB327007BA3EA /* NewsSearchViewModel.swift */,
			);
			path = ViewModel;
			sourceTree = "<group>";
		};
/* End PBXGroup section */

/* Begin PBXNativeTarget section */
		3392EEDF2A983EEB00C099E0 /* MobydickNews */ = {
			isa = PBXNativeTarget;
			buildConfigurationList = 3392EEF42A983EEC00C099E0 /* Build configuration list for PBXNativeTarget "MobydickNews" */;
			buildPhases = (
				3392EEDC2A983EEB00C099E0 /* Sources */,
				3392EEDD2A983EEB00C099E0 /* Frameworks */,
				3392EEDE2A983EEB00C099E0 /* Resources */,
			);
			buildRules = (
			);
			dependencies = (
			);
			name = MobydickNews;
			packageProductDependencies = (
				3392EEF92A98744800C099E0 /* Alamofire */,
				3392EEFC2A98745E00C099E0 /* SnapKit */,
				3392EEFF2A98747200C099E0 /* RxCocoa */,
				3392EF012A98747200C099E0 /* RxSwift */,
			);
			productName = MobydickNews;
			productReference = 3392EEE02A983EEB00C099E0 /* MobydickNews.app */;
			productType = "com.apple.product-type.application";
		};
/* End PBXNativeTarget section */

/* Begin PBXProject section */
		3392EED82A983EEB00C099E0 /* Project object */ = {
			isa = PBXProject;
			attributes = {
				BuildIndependentTargetsInParallel = 1;
				LastSwiftUpdateCheck = 1430;
				LastUpgradeCheck = 1430;
				TargetAttributes = {
					3392EEDF2A983EEB00C099E0 = {
						CreatedOnToolsVersion = 14.3.1;
					};
				};
			};
			buildConfigurationList = 3392EEDB2A983EEB00C099E0 /* Build configuration list for PBXProject "MobydickNews" */;
			compatibilityVersion = "Xcode 14.0";
			developmentRegion = en;
			hasScannedForEncodings = 0;
			knownRegions = (
				en,
				Base,
			);
			mainGroup = 3392EED72A983EEB00C099E0;
			packageReferences = (
				3392EEF82A98744800C099E0 /* XCRemoteSwiftPackageReference "Alamofire" */,
				3392EEFB2A98745E00C099E0 /* XCRemoteSwiftPackageReference "SnapKit" */,
				3392EEFE2A98747200C099E0 /* XCRemoteSwiftPackageReference "RxSwift" */,
			);
			productRefGroup = 3392EEE12A983EEB00C099E0 /* Products */;
			projectDirPath = "";
			projectRoot = "";
			targets = (
				3392EEDF2A983EEB00C099E0 /* MobydickNews */,
			);
		};
/* End PBXProject section */

/* Begin PBXResourcesBuildPhase section */
		3392EEDE2A983EEB00C099E0 /* Resources */ = {
			isa = PBXResourcesBuildPhase;
			buildActionMask = 2147483647;
			files = (
				3392EEF02A983EEC00C099E0 /* LaunchScreen.storyboard in Resources */,
				3392EEED2A983EEC00C099E0 /* Assets.xcassets in Resources */,
			);
			runOnlyForDeploymentPostprocessing = 0;
		};
/* End PBXResourcesBuildPhase section */

/* Begin PBXSourcesBuildPhase section */
		3392EEDC2A983EEB00C099E0 /* Sources */ = {
			isa = PBXSourcesBuildPhase;
			buildActionMask = 2147483647;
			files = (
				08DAB09E2A9CA90C00DB5ADA /* DetailViewModel.swift in Sources */,
				336C51972A9B8795007EEB3C /* CategoryCell.swift in Sources */,
				3392EF0B2A98752F00C099E0 /* NewsDetailPage.swift in Sources */,
				FB2D4CF62A9DB327007BA3EA /* NewsSearchViewModel.swift in Sources */,
				3392EF132A988CC200C099E0 /* Secret.swift in Sources */,
				336C51952A9B85DC007EEB3C /* CategoryView.swift in Sources */,
				FB3456282A9A51E5008BE088 /* TableViewCell.swift in Sources */,
				3392EF072A9874FD00C099E0 /* NewsHomePage.swift in Sources */,
				081A1B3B2A9885BD0029B280 /* NewsApiDataManager.swift in Sources */,
				339096BB2A9CABE5009625B0 /* NewsHomeViewModel.swift in Sources */,
				3392EF042A9874A300C099E0 /* TabBarController.swift in Sources */,
				3392EEE42A983EEB00C099E0 /* AppDelegate.swift in Sources */,
				08DAB09C2A9CA8FB00DB5ADA /* DetailView.swift in Sources */,
				081A1B392A9885090029B280 /* NewsModels.swift in Sources */,
				3392EEE62A983EEB00C099E0 /* SceneDelegate.swift in Sources */,
				3392EF102A9879F700C099E0 /* CGFloat+.swift in Sources */,
				3392EF092A98752500C099E0 /* NewsSearchPage.swift in Sources */,
				3392EF172A98AA4100C099E0 /* Category.swift in Sources */,
				338836E02A9DA96F00255A6E /* Constants.swift in Sources */,
			);
			runOnlyForDeploymentPostprocessing = 0;
		};
/* End PBXSourcesBuildPhase section */

/* Begin PBXVariantGroup section */
		3392EEEE2A983EEC00C099E0 /* LaunchScreen.storyboard */ = {
			isa = PBXVariantGroup;
			children = (
				3392EEEF2A983EEC00C099E0 /* Base */,
			);
			name = LaunchScreen.storyboard;
			sourceTree = "<group>";
		};
/* End PBXVariantGroup section */

/* Begin XCBuildConfiguration section */
		3392EEF22A983EEC00C099E0 /* Debug */ = {
			isa = XCBuildConfiguration;
			buildSettings = {
				ALWAYS_SEARCH_USER_PATHS = NO;
				CLANG_ANALYZER_NONNULL = YES;
				CLANG_ANALYZER_NUMBER_OBJECT_CONVERSION = YES_AGGRESSIVE;
				CLANG_CXX_LANGUAGE_STANDARD = "gnu++20";
				CLANG_ENABLE_MODULES = YES;
				CLANG_ENABLE_OBJC_ARC = YES;
				CLANG_ENABLE_OBJC_WEAK = YES;
				CLANG_WARN_BLOCK_CAPTURE_AUTORELEASING = YES;
				CLANG_WARN_BOOL_CONVERSION = YES;
				CLANG_WARN_COMMA = YES;
				CLANG_WARN_CONSTANT_CONVERSION = YES;
				CLANG_WARN_DEPRECATED_OBJC_IMPLEMENTATIONS = YES;
				CLANG_WARN_DIRECT_OBJC_ISA_USAGE = YES_ERROR;
				CLANG_WARN_DOCUMENTATION_COMMENTS = YES;
				CLANG_WARN_EMPTY_BODY = YES;
				CLANG_WARN_ENUM_CONVERSION = YES;
				CLANG_WARN_INFINITE_RECURSION = YES;
				CLANG_WARN_INT_CONVERSION = YES;
				CLANG_WARN_NON_LITERAL_NULL_CONVERSION = YES;
				CLANG_WARN_OBJC_IMPLICIT_RETAIN_SELF = YES;
				CLANG_WARN_OBJC_LITERAL_CONVERSION = YES;
				CLANG_WARN_OBJC_ROOT_CLASS = YES_ERROR;
				CLANG_WARN_QUOTED_INCLUDE_IN_FRAMEWORK_HEADER = YES;
				CLANG_WARN_RANGE_LOOP_ANALYSIS = YES;
				CLANG_WARN_STRICT_PROTOTYPES = YES;
				CLANG_WARN_SUSPICIOUS_MOVE = YES;
				CLANG_WARN_UNGUARDED_AVAILABILITY = YES_AGGRESSIVE;
				CLANG_WARN_UNREACHABLE_CODE = YES;
				CLANG_WARN__DUPLICATE_METHOD_MATCH = YES;
				COPY_PHASE_STRIP = NO;
				DEBUG_INFORMATION_FORMAT = dwarf;
				ENABLE_STRICT_OBJC_MSGSEND = YES;
				ENABLE_TESTABILITY = YES;
				GCC_C_LANGUAGE_STANDARD = gnu11;
				GCC_DYNAMIC_NO_PIC = NO;
				GCC_NO_COMMON_BLOCKS = YES;
				GCC_OPTIMIZATION_LEVEL = 0;
				GCC_PREPROCESSOR_DEFINITIONS = (
					"DEBUG=1",
					"$(inherited)",
				);
				GCC_WARN_64_TO_32_BIT_CONVERSION = YES;
				GCC_WARN_ABOUT_RETURN_TYPE = YES_ERROR;
				GCC_WARN_UNDECLARED_SELECTOR = YES;
				GCC_WARN_UNINITIALIZED_AUTOS = YES_AGGRESSIVE;
				GCC_WARN_UNUSED_FUNCTION = YES;
				GCC_WARN_UNUSED_VARIABLE = YES;
				IPHONEOS_DEPLOYMENT_TARGET = 16.4;
				MTL_ENABLE_DEBUG_INFO = INCLUDE_SOURCE;
				MTL_FAST_MATH = YES;
				ONLY_ACTIVE_ARCH = YES;
				SDKROOT = iphoneos;
				SWIFT_ACTIVE_COMPILATION_CONDITIONS = DEBUG;
				SWIFT_OPTIMIZATION_LEVEL = "-Onone";
			};
			name = Debug;
		};
		3392EEF32A983EEC00C099E0 /* Release */ = {
			isa = XCBuildConfiguration;
			buildSettings = {
				ALWAYS_SEARCH_USER_PATHS = NO;
				CLANG_ANALYZER_NONNULL = YES;
				CLANG_ANALYZER_NUMBER_OBJECT_CONVERSION = YES_AGGRESSIVE;
				CLANG_CXX_LANGUAGE_STANDARD = "gnu++20";
				CLANG_ENABLE_MODULES = YES;
				CLANG_ENABLE_OBJC_ARC = YES;
				CLANG_ENABLE_OBJC_WEAK = YES;
				CLANG_WARN_BLOCK_CAPTURE_AUTORELEASING = YES;
				CLANG_WARN_BOOL_CONVERSION = YES;
				CLANG_WARN_COMMA = YES;
				CLANG_WARN_CONSTANT_CONVERSION = YES;
				CLANG_WARN_DEPRECATED_OBJC_IMPLEMENTATIONS = YES;
				CLANG_WARN_DIRECT_OBJC_ISA_USAGE = YES_ERROR;
				CLANG_WARN_DOCUMENTATION_COMMENTS = YES;
				CLANG_WARN_EMPTY_BODY = YES;
				CLANG_WARN_ENUM_CONVERSION = YES;
				CLANG_WARN_INFINITE_RECURSION = YES;
				CLANG_WARN_INT_CONVERSION = YES;
				CLANG_WARN_NON_LITERAL_NULL_CONVERSION = YES;
				CLANG_WARN_OBJC_IMPLICIT_RETAIN_SELF = YES;
				CLANG_WARN_OBJC_LITERAL_CONVERSION = YES;
				CLANG_WARN_OBJC_ROOT_CLASS = YES_ERROR;
				CLANG_WARN_QUOTED_INCLUDE_IN_FRAMEWORK_HEADER = YES;
				CLANG_WARN_RANGE_LOOP_ANALYSIS = YES;
				CLANG_WARN_STRICT_PROTOTYPES = YES;
				CLANG_WARN_SUSPICIOUS_MOVE = YES;
				CLANG_WARN_UNGUARDED_AVAILABILITY = YES_AGGRESSIVE;
				CLANG_WARN_UNREACHABLE_CODE = YES;
				CLANG_WARN__DUPLICATE_METHOD_MATCH = YES;
				COPY_PHASE_STRIP = NO;
				DEBUG_INFORMATION_FORMAT = "dwarf-with-dsym";
				ENABLE_NS_ASSERTIONS = NO;
				ENABLE_STRICT_OBJC_MSGSEND = YES;
				GCC_C_LANGUAGE_STANDARD = gnu11;
				GCC_NO_COMMON_BLOCKS = YES;
				GCC_WARN_64_TO_32_BIT_CONVERSION = YES;
				GCC_WARN_ABOUT_RETURN_TYPE = YES_ERROR;
				GCC_WARN_UNDECLARED_SELECTOR = YES;
				GCC_WARN_UNINITIALIZED_AUTOS = YES_AGGRESSIVE;
				GCC_WARN_UNUSED_FUNCTION = YES;
				GCC_WARN_UNUSED_VARIABLE = YES;
				IPHONEOS_DEPLOYMENT_TARGET = 16.4;
				MTL_ENABLE_DEBUG_INFO = NO;
				MTL_FAST_MATH = YES;
				SDKROOT = iphoneos;
				SWIFT_COMPILATION_MODE = wholemodule;
				SWIFT_OPTIMIZATION_LEVEL = "-O";
				VALIDATE_PRODUCT = YES;
			};
			name = Release;
		};
		3392EEF52A983EEC00C099E0 /* Debug */ = {
			isa = XCBuildConfiguration;
			buildSettings = {
				ASSETCATALOG_COMPILER_APPICON_NAME = AppIcon;
				ASSETCATALOG_COMPILER_GLOBAL_ACCENT_COLOR_NAME = AccentColor;
				CODE_SIGN_STYLE = Automatic;
				CURRENT_PROJECT_VERSION = 1;
				DEVELOPMENT_TEAM = HJ943JVKX7;
				GENERATE_INFOPLIST_FILE = YES;
				INFOPLIST_FILE = MobydickNews/Info.plist;
				INFOPLIST_KEY_UIApplicationSupportsIndirectInputEvents = YES;
				INFOPLIST_KEY_UILaunchStoryboardName = LaunchScreen;
				INFOPLIST_KEY_UISupportedInterfaceOrientations_iPad = "UIInterfaceOrientationPortrait UIInterfaceOrientationPortraitUpsideDown UIInterfaceOrientationLandscapeLeft UIInterfaceOrientationLandscapeRight";
				INFOPLIST_KEY_UISupportedInterfaceOrientations_iPhone = "UIInterfaceOrientationPortrait UIInterfaceOrientationLandscapeLeft UIInterfaceOrientationLandscapeRight";
				LD_RUNPATH_SEARCH_PATHS = (
					"$(inherited)",
					"@executable_path/Frameworks",
				);
				MARKETING_VERSION = 1.0;
				PRODUCT_BUNDLE_IDENTIFIER = "z-wook.MobydickNews";
				PRODUCT_NAME = "$(TARGET_NAME)";
				SUPPORTED_PLATFORMS = "iphoneos iphonesimulator";
				SUPPORTS_MACCATALYST = NO;
				SUPPORTS_MAC_DESIGNED_FOR_IPHONE_IPAD = NO;
				SWIFT_EMIT_LOC_STRINGS = YES;
				SWIFT_VERSION = 5.0;
				TARGETED_DEVICE_FAMILY = "1,2";
			};
			name = Debug;
		};
		3392EEF62A983EEC00C099E0 /* Release */ = {
			isa = XCBuildConfiguration;
			buildSettings = {
				ASSETCATALOG_COMPILER_APPICON_NAME = AppIcon;
				ASSETCATALOG_COMPILER_GLOBAL_ACCENT_COLOR_NAME = AccentColor;
				CODE_SIGN_STYLE = Automatic;
				CURRENT_PROJECT_VERSION = 1;
				DEVELOPMENT_TEAM = HJ943JVKX7;
				GENERATE_INFOPLIST_FILE = YES;
				INFOPLIST_FILE = MobydickNews/Info.plist;
				INFOPLIST_KEY_UIApplicationSupportsIndirectInputEvents = YES;
				INFOPLIST_KEY_UILaunchStoryboardName = LaunchScreen;
				INFOPLIST_KEY_UISupportedInterfaceOrientations_iPad = "UIInterfaceOrientationPortrait UIInterfaceOrientationPortraitUpsideDown UIInterfaceOrientationLandscapeLeft UIInterfaceOrientationLandscapeRight";
				INFOPLIST_KEY_UISupportedInterfaceOrientations_iPhone = "UIInterfaceOrientationPortrait UIInterfaceOrientationLandscapeLeft UIInterfaceOrientationLandscapeRight";
				LD_RUNPATH_SEARCH_PATHS = (
					"$(inherited)",
					"@executable_path/Frameworks",
				);
				MARKETING_VERSION = 1.0;
				PRODUCT_BUNDLE_IDENTIFIER = "z-wook.MobydickNews";
				PRODUCT_NAME = "$(TARGET_NAME)";
				SUPPORTED_PLATFORMS = "iphoneos iphonesimulator";
				SUPPORTS_MACCATALYST = NO;
				SUPPORTS_MAC_DESIGNED_FOR_IPHONE_IPAD = NO;
				SWIFT_EMIT_LOC_STRINGS = YES;
				SWIFT_VERSION = 5.0;
				TARGETED_DEVICE_FAMILY = "1,2";
			};
			name = Release;
		};
/* End XCBuildConfiguration section */

/* Begin XCConfigurationList section */
		3392EEDB2A983EEB00C099E0 /* Build configuration list for PBXProject "MobydickNews" */ = {
			isa = XCConfigurationList;
			buildConfigurations = (
				3392EEF22A983EEC00C099E0 /* Debug */,
				3392EEF32A983EEC00C099E0 /* Release */,
			);
			defaultConfigurationIsVisible = 0;
			defaultConfigurationName = Release;
		};
		3392EEF42A983EEC00C099E0 /* Build configuration list for PBXNativeTarget "MobydickNews" */ = {
			isa = XCConfigurationList;
			buildConfigurations = (
				3392EEF52A983EEC00C099E0 /* Debug */,
				3392EEF62A983EEC00C099E0 /* Release */,
			);
			defaultConfigurationIsVisible = 0;
			defaultConfigurationName = Release;
		};
/* End XCConfigurationList section */

/* Begin XCRemoteSwiftPackageReference section */
		3392EEF82A98744800C099E0 /* XCRemoteSwiftPackageReference "Alamofire" */ = {
			isa = XCRemoteSwiftPackageReference;
			repositoryURL = "https://github.com/Alamofire/Alamofire";
			requirement = {
				kind = upToNextMajorVersion;
				minimumVersion = 5.0.0;
			};
		};
		3392EEFB2A98745E00C099E0 /* XCRemoteSwiftPackageReference "SnapKit" */ = {
			isa = XCRemoteSwiftPackageReference;
			repositoryURL = "https://github.com/SnapKit/SnapKit";
			requirement = {
				kind = upToNextMajorVersion;
				minimumVersion = 5.0.0;
			};
		};
		3392EEFE2A98747200C099E0 /* XCRemoteSwiftPackageReference "RxSwift" */ = {
			isa = XCRemoteSwiftPackageReference;
			repositoryURL = "https://github.com/ReactiveX/RxSwift";
			requirement = {
				kind = upToNextMajorVersion;
				minimumVersion = 6.0.0;
			};
		};
/* End XCRemoteSwiftPackageReference section */

/* Begin XCSwiftPackageProductDependency section */
		3392EEF92A98744800C099E0 /* Alamofire */ = {
			isa = XCSwiftPackageProductDependency;
			package = 3392EEF82A98744800C099E0 /* XCRemoteSwiftPackageReference "Alamofire" */;
			productName = Alamofire;
		};
		3392EEFC2A98745E00C099E0 /* SnapKit */ = {
			isa = XCSwiftPackageProductDependency;
			package = 3392EEFB2A98745E00C099E0 /* XCRemoteSwiftPackageReference "SnapKit" */;
			productName = SnapKit;
		};
		3392EEFF2A98747200C099E0 /* RxCocoa */ = {
			isa = XCSwiftPackageProductDependency;
			package = 3392EEFE2A98747200C099E0 /* XCRemoteSwiftPackageReference "RxSwift" */;
			productName = RxCocoa;
		};
		3392EF012A98747200C099E0 /* RxSwift */ = {
			isa = XCSwiftPackageProductDependency;
			package = 3392EEFE2A98747200C099E0 /* XCRemoteSwiftPackageReference "RxSwift" */;
			productName = RxSwift;
		};
/* End XCSwiftPackageProductDependency section */
	};
	rootObject = 3392EED82A983EEB00C099E0 /* Project object */;
}
